
Microsoft Visual Studio Solution File, Format Version 12.00
# Visual Studio Version 17
VisualStudioVersion = 17.0.31903.59
MinimumVisualStudioVersion = 10.0.40219.1
Project("{2150E333-8FDC-42A3-9474-1A3956D46DE8}") = "src", "src", "{827E0CD3-B72D-47B6-A68D-7590B98EB39B}"
EndProject
Project("{FAE04EC0-301F-11D3-BF4B-00C04F79EFBC}") = "LanLink.Core", "src\LanLink.Core\LanLink.Core.csproj", "{4F3A3FA2-296E-4E09-911C-1BCA966303A6}"
EndProject
Project("{FAE04EC0-301F-11D3-BF4B-00C04F79EFBC}") = "LanLink.App", "src\LanLink.App\LanLink.App.csproj", "{B9DFCAEF-DDEA-42A5-B154-C9724083AA25}"
EndProject
Project("{2150E333-8FDC-42A3-9474-1A3956D46DE8}") = "tests", "tests", "{0AB3BF05-4346-4AA6-1389-037BE0695223}"
EndProject
Project("{FAE04EC0-301F-11D3-BF4B-00C04F79EFBC}") = "LanLink.Core.Tests", "tests\LanLink.Core.Tests\LanLink.Core.Tests.csproj", "{6E3D36BE-A4A8-46E1-A86C-BAF7C61699AB}"
EndProject
Global
	GlobalSection(SolutionConfigurationPlatforms) = preSolution
		Debug|Any CPU = Debug|Any CPU
		Debug|x64 = Debug|x64
		Debug|x86 = Debug|x86
		Release|Any CPU = Release|Any CPU
		Release|x64 = Release|x64
		Release|x86 = Release|x86
	EndGlobalSection
	GlobalSection(ProjectConfigurationPlatforms) = postSolution
		{4F3A3FA2-296E-4E09-911C-1BCA966303A6}.Debug|Any CPU.ActiveCfg = Debug|Any CPU
		{4F3A3FA2-296E-4E09-911C-1BCA966303A6}.Debug|Any CPU.Build.0 = Debug|Any CPU
		{4F3A3FA2-296E-4E09-911C-1BCA966303A6}.Debug|x64.ActiveCfg = Debug|Any CPU
		{4F3A3FA2-296E-4E09-911C-1BCA966303A6}.Debug|x64.Build.0 = Debug|Any CPU
		{4F3A3FA2-296E-4E09-911C-1BCA966303A6}.Debug|x86.ActiveCfg = Debug|Any CPU
		{4F3A3FA2-296E-4E09-911C-1BCA966303A6}.Debug|x86.Build.0 = Debug|Any CPU
		{4F3A3FA2-296E-4E09-911C-1BCA966303A6}.Release|Any CPU.ActiveCfg = Release|Any CPU
		{4F3A3FA2-296E-4E09-911C-1BCA966303A6}.Release|Any CPU.Build.0 = Release|Any CPU
		{4F3A3FA2-296E-4E09-911C-1BCA966303A6}.Release|x64.ActiveCfg = Release|Any CPU
		{4F3A3FA2-296E-4E09-911C-1BCA966303A6}.Release|x64.Build.0 = Release|Any CPU
		{4F3A3FA2-296E-4E09-911C-1BCA966303A6}.Release|x86.ActiveCfg = Release|Any CPU
		{4F3A3FA2-296E-4E09-911C-1BCA966303A6}.Release|x86.Build.0 = Release|Any CPU
		{B9DFCAEF-DDEA-42A5-B154-C9724083AA25}.Debug|Any CPU.ActiveCfg = Debug|Any CPU
		{B9DFCAEF-DDEA-42A5-B154-C9724083AA25}.Debug|Any CPU.Build.0 = Debug|Any CPU
		{B9DFCAEF-DDEA-42A5-B154-C9724083AA25}.Debug|x64.ActiveCfg = Debug|Any CPU
		{B9DFCAEF-DDEA-42A5-B154-C9724083AA25}.Debug|x64.Build.0 = Debug|Any CPU
		{B9DFCAEF-DDEA-42A5-B154-C9724083AA25}.Debug|x86.ActiveCfg = Debug|Any CPU
		{B9DFCAEF-DDEA-42A5-B154-C9724083AA25}.Debug|x86.Build.0 = Debug|Any CPU
		{B9DFCAEF-DDEA-42A5-B154-C9724083AA25}.Release|Any CPU.ActiveCfg = Release|Any CPU
		{B9DFCAEF-DDEA-42A5-B154-C9724083AA25}.Release|Any CPU.Build.0 = Release|Any CPU
		{B9DFCAEF-DDEA-42A5-B154-C9724083AA25}.Release|x64.ActiveCfg = Release|Any CPU
		{B9DFCAEF-DDEA-42A5-B154-C9724083AA25}.Release|x64.Build.0 = Release|Any CPU
		{B9DFCAEF-DDEA-42A5-B154-C9724083AA25}.Release|x86.ActiveCfg = Release|Any CPU
		{B9DFCAEF-DDEA-42A5-B154-C9724083AA25}.Release|x86.Build.0 = Release|Any CPU
		{6E3D36BE-A4A8-46E1-A86C-BAF7C61699AB}.Debug|Any CPU.ActiveCfg = Debug|Any CPU
		{6E3D36BE-A4A8-46E1-A86C-BAF7C61699AB}.Debug|Any CPU.Build.0 = Debug|Any CPU
		{6E3D36BE-A4A8-46E1-A86C-BAF7C61699AB}.Debug|x64.ActiveCfg = Debug|Any CPU
		{6E3D36BE-A4A8-46E1-A86C-BAF7C61699AB}.Debug|x64.Build.0 = Debug|Any CPU
		{6E3D36BE-A4A8-46E1-A86C-BAF7C61699AB}.Debug|x86.ActiveCfg = Debug|Any CPU
		{6E3D36BE-A4A8-46E1-A86C-BAF7C61699AB}.Debug|x86.Build.0 = Debug|Any CPU
		{6E3D36BE-A4A8-46E1-A86C-BAF7C61699AB}.Release|Any CPU.ActiveCfg = Release|Any CPU
		{6E3D36BE-A4A8-46E1-A86C-BAF7C61699AB}.Release|Any CPU.Build.0 = Release|Any CPU
		{6E3D36BE-A4A8-46E1-A86C-BAF7C61699AB}.Release|x64.ActiveCfg = Release|Any CPU
		{6E3D36BE-A4A8-46E1-A86C-BAF7C61699AB}.Release|x64.Build.0 = Release|Any CPU
		{6E3D36BE-A4A8-46E1-A86C-BAF7C61699AB}.Release|x86.ActiveCfg = Release|Any CPU
		{6E3D36BE-A4A8-46E1-A86C-BAF7C61699AB}.Release|x86.Build.0 = Release|Any CPU
	EndGlobalSection
	GlobalSection(SolutionProperties) = preSolution
		HideSolutionNode = FALSE
	EndGlobalSection
	GlobalSection(NestedProjects) = preSolution
		{4F3A3FA2-296E-4E09-911C-1BCA966303A6} = {827E0CD3-B72D-47B6-A68D-7590B98EB39B}
		{B9DFCAEF-DDEA-42A5-B154-C9724083AA25} = {827E0CD3-B72D-47B6-A68D-7590B98EB39B}
		{6E3D36BE-A4A8-46E1-A86C-BAF7C61699AB} = {0AB3BF05-4346-4AA6-1389-037BE0695223}
	EndGlobalSection
EndGlobal
